
Microsoft Visual Studio Solution File, Format Version 12.00
# Visual Studio Version 17
VisualStudioVersion = 17.2.32526.322
MinimumVisualStudioVersion = 10.0.40219.1
Project("{9A19103F-16F7-4668-BE54-9A1E7A4F7556}") = "PoC.OdataCore2021v2", "PoC.OdataCore2021v2\PoC.OdataCore2021v2.csproj", "{EBD74438-1219-43B1-9DC6-3B150457AA2C}"
EndProject
Project("{FAE04EC0-301F-11D3-BF4B-00C04F79EFBC}") = "PoC.OdataCore2022v1", "PoC.OdataCore2022v1\PoC.OdataCore2022v1.csproj", "{4BB7D65E-33BD-46F0-8374-0B59BCB56CAB}"
EndProject
Project("{FAE04EC0-301F-11D3-BF4B-00C04F79EFBC}") = "PoC.OdataCore.Data", "PoC.OdataCore.Data\PoC.OdataCore.Data.csproj", "{B19757C9-7D59-48E6-9357-FD08B1E3D2DF}"
EndProject
Global
	GlobalSection(SolutionConfigurationPlatforms) = preSolution
		Debug|Any CPU = Debug|Any CPU
		Release|Any CPU = Release|Any CPU
	EndGlobalSection
	GlobalSection(ProjectConfigurationPlatforms) = postSolution
		{EBD74438-1219-43B1-9DC6-3B150457AA2C}.Debug|Any CPU.ActiveCfg = Debug|Any CPU
		{EBD74438-1219-43B1-9DC6-3B150457AA2C}.Debug|Any CPU.Build.0 = Debug|Any CPU
		{EBD74438-1219-43B1-9DC6-3B150457AA2C}.Release|Any CPU.ActiveCfg = Release|Any CPU
		{EBD74438-1219-43B1-9DC6-3B150457AA2C}.Release|Any CPU.Build.0 = Release|Any CPU
		{4BB7D65E-33BD-46F0-8374-0B59BCB56CAB}.Debug|Any CPU.ActiveCfg = Debug|Any CPU
		{4BB7D65E-33BD-46F0-8374-0B59BCB56CAB}.Debug|Any CPU.Build.0 = Debug|Any CPU
		{4BB7D65E-33BD-46F0-8374-0B59BCB56CAB}.Release|Any CPU.ActiveCfg = Release|Any CPU
		{4BB7D65E-33BD-46F0-8374-0B59BCB56CAB}.Release|Any CPU.Build.0 = Release|Any CPU
		{B19757C9-7D59-48E6-9357-FD08B1E3D2DF}.Debug|Any CPU.ActiveCfg = Debug|Any CPU
		{B19757C9-7D59-48E6-9357-FD08B1E3D2DF}.Debug|Any CPU.Build.0 = Debug|Any CPU
		{B19757C9-7D59-48E6-9357-FD08B1E3D2DF}.Release|Any CPU.ActiveCfg = Release|Any CPU
		{B19757C9-7D59-48E6-9357-FD08B1E3D2DF}.Release|Any CPU.Build.0 = Release|Any CPU
	EndGlobalSection
	GlobalSection(SolutionProperties) = preSolution
		HideSolutionNode = FALSE
	EndGlobalSection
	GlobalSection(ExtensibilityGlobals) = postSolution
		SolutionGuid = {564B135C-A8CC-47CF-92C7-5FAA2C442F72}
	EndGlobalSection
EndGlobal
