
Microsoft Visual Studio Solution File, Format Version 12.00
# Visual Studio Version 16
VisualStudioVersion = 16.0.31321.278
MinimumVisualStudioVersion = 10.0.40219.1
Project("{9A19103F-16F7-4668-BE54-9A1E7A4F7556}") = "PoC.CallLogMvc.Web02", "PoC.CallLogMvc.Web02\PoC.CallLogMvc.Web02.csproj", "{9370C27F-E9F2-4922-8471-C39E42CCE05E}"
EndProject
Project("{2150E333-8FDC-42A3-9474-1A3956D46DE8}") = "Database Scripts", "Database Scripts", "{558178AA-282E-4241-B3FB-ADBF567C9E4D}"
	ProjectSection(SolutionItems) = preProject
		calllog_db.sql = calllog_db.sql
	EndProjectSection
EndProject
Global
	GlobalSection(SolutionConfigurationPlatforms) = preSolution
		Debug|Any CPU = Debug|Any CPU
		Release|Any CPU = Release|Any CPU
	EndGlobalSection
	GlobalSection(ProjectConfigurationPlatforms) = postSolution
		{9370C27F-E9F2-4922-8471-C39E42CCE05E}.Debug|Any CPU.ActiveCfg = Debug|Any CPU
		{9370C27F-E9F2-4922-8471-C39E42CCE05E}.Debug|Any CPU.Build.0 = Debug|Any CPU
		{9370C27F-E9F2-4922-8471-C39E42CCE05E}.Release|Any CPU.ActiveCfg = Release|Any CPU
		{9370C27F-E9F2-4922-8471-C39E42CCE05E}.Release|Any CPU.Build.0 = Release|Any CPU
	EndGlobalSection
	GlobalSection(SolutionProperties) = preSolution
		HideSolutionNode = FALSE
	EndGlobalSection
	GlobalSection(ExtensibilityGlobals) = postSolution
		SolutionGuid = {59C9F464-CFF9-4DF3-9760-B93D0A00843C}
	EndGlobalSection
EndGlobal
